{
  "lockfile-version": 1,
  "manifest": {
    "schema-version": "1.12.0",
    "install": {
      "bun": {
        "pkg-path": "bun"
      },
      "codex": {
        "pkg-path": "flox/codex",
        "pkg-group": "codex"
      },
      "fd": {
        "pkg-path": "fd"
      },
      "gh": {
        "pkg-path": "gh"
      },
      "imagemagick": {
        "pkg-path": "imagemagick"
      },
      "just": {
        "pkg-path": "just"
      },
      "nodejs_22": {
        "pkg-path": "nodejs_22"
      },
      "oxdraw": {
        "pkg-path": "oxdraw",
        "systems": [
          "aarch64-linux",
          "x86_64-linux"
        ]
      },
      "ripgrep": {
        "pkg-path": "ripgrep"
      },
      "similarity": {
        "pkg-path": "similarity"
      },
      "typst": {
        "pkg-path": "typst"
      }
    },
    "vars": {
      "NODE_OPTIONS": "--enable-source-maps"
    },
    "hook": {
      "on-activate": "  # Auto-install node dependencies if node_modules is missing\n  if [ ! -d node_modules ]; then\n    echo \"⚙ Installing root dependencies…\"\n    bun install\n  fi\n  if [ ! -d web/node_modules ]; then\n    echo \"⚙ Installing web dependencies…\"\n    cd web && bun install && cd ..\n  fi\n"
    },
    "profile": {
      "common": "  # Keating shortcuts\n  alias k=\"bun src/cli/main.ts\"\n",
      "bash": "  # Tab completions for just\n  eval \"$(just --completions bash)\" 2>/dev/null || true\n",
      "zsh": "  # Tab completions for just\n  eval \"$(just --completions zsh)\" 2>/dev/null || true\n"
    },
    "options": {}
  },
  "packages": [
    {
      "attr_path": "codex",
      "broken": false,
      "derivation": "/nix/store/z1ppj9c7jmia9lmn1dd8dzgpi2a663yl-codex-0.137.0.drv",
      "description": "OpenAI Codex CLI - a coding agent that runs locally",
      "install_id": "codex",
      "license": "Apache-2.0",
      "locked_url": "https://github.com/flox/floxenvs?rev=242357552d7abffc8c1d1ada58d14560b0f0d4d2",
      "name": "codex-0.137.0",
      "pname": "codex",
      "rev": "242357552d7abffc8c1d1ada58d14560b0f0d4d2",
      "rev_count": 6101,
      "rev_date": "2026-06-04T02:47:39Z",
      "scrape_date": "2026-06-11T21:58:04.126532538Z",
      "stabilities": [
        "staging",
        "unstable"
      ],
      "unfree": false,
      "version": "0.137.0",
      "outputs_to_install": [
        "out"
      ],
      "outputs": {
        "out": "/nix/store/vjig1xqraxyc4sf4zwbn6jvgzhhxqd38-codex-0.137.0"
      },
      "system": "aarch64-darwin",
      "group": "codex",
      "priority": 5
    },
    {
      "attr_path": "codex",
      "broken": false,
      "derivation": "/nix/store/qhg0msl3wvlqpfh1cl9hxb8ph729qlgw-codex-0.137.0.drv",
      "description": "OpenAI Codex CLI - a coding agent that runs locally",
      "install_id": "codex",
      "license": "Apache-2.0",
      "locked_url": "https://github.com/flox/floxenvs?rev=242357552d7abffc8c1d1ada58d14560b0f0d4d2",
      "name": "codex-0.137.0",
      "pname": "codex",
      "rev": "242357552d7abffc8c1d1ada58d14560b0f0d4d2",
      "rev_count": 6101,
      "rev_date": "2026-06-04T02:47:39Z",
      "scrape_date": "2026-06-11T21:58:04.126535487Z",
      "stabilities": [
        "staging",
        "unstable"
      ],
      "unfree": false,
      "version": "0.137.0",
      "outputs_to_install": [
        "out"
      ],
      "outputs": {
        "out": "/nix/store/rk17s6sby1bsxkkmmyddq4p0cqxngj2w-codex-0.137.0"
      },
      "system": "aarch64-linux",
      "group": "codex",
      "priority": 5
    },
    {
      "attr_path": "codex",
      "broken": false,
      "derivation": "/nix/store/jryy4bsrw8zjx6qfwmaggqwdzxab41m6-codex-0.137.0.drv",
      "description": "OpenAI Codex CLI - a coding agent that runs locally",
      "install_id": "codex",
      "license": "Apache-2.0",
      "locked_url": "https://github.com/flox/floxenvs?rev=242357552d7abffc8c1d1ada58d14560b0f0d4d2",
      "name": "codex-0.137.0",
      "pname": "codex",
      "rev": "242357552d7abffc8c1d1ada58d14560b0f0d4d2",
      "rev_count": 6101,
      "rev_date": "2026-06-04T02:47:39Z",
      "scrape_date": "2026-06-11T21:58:04.126536003Z",
      "stabilities": [
        "staging",
        "unstable"
      ],
      "unfree": false,
      "version": "0.137.0",
      "outputs_to_install": [
        "out"
      ],
      "outputs": {
        "out": "/nix/store/1yj96kix9hl67yka6dda32vpya97i8ai-codex-0.137.0"
      },
      "system": "x86_64-darwin",
      "group": "codex",
      "priority": 5
    },
    {
      "attr_path": "codex",
      "broken": false,
      "derivation": "/nix/store/4x8hy3bggwjvl2lwlkym6wg7bpgp8wac-codex-0.137.0.drv",
      "description": "OpenAI Codex CLI - a coding agent that runs locally",
      "install_id": "codex",
      "license": "Apache-2.0",
      "locked_url": "https://github.com/flox/floxenvs?rev=242357552d7abffc8c1d1ada58d14560b0f0d4d2",
      "name": "codex-0.137.0",
      "pname": "codex",
      "rev": "242357552d7abffc8c1d1ada58d14560b0f0d4d2",
      "rev_count": 6101,
      "rev_date": "2026-06-04T02:47:39Z",
      "scrape_date": "2026-06-11T21:58:04.126536235Z",
      "stabilities": [
        "staging",
        "unstable"
      ],
      "unfree": false,
      "version": "0.137.0",
      "outputs_to_install": [
        "out"
      ],
      "outputs": {
        "out": "/nix/store/wkis3q0yx0ak0mjq94jm78a7anxip2ga-codex-0.137.0"
      },
      "system": "x86_64-linux",
      "group": "codex",
      "priority": 5
    },
    {
      "attr_path": "bun",
      "broken": false,
      "derivation": "/nix/store/azs3kanya6756i2d7mjrhpfcxfvslsfr-bun-1.3.13.drv",
      "description": "Incredibly fast JavaScript runtime, bundler, transpiler and package manager – all in one",
      "install_id": "bun",
      "license": "[ MIT, LGPL-2.1-only ]",
      "locked_url": "https://github.com/flox/nixpkgs?rev=a799d3e3886da994fa307f817a6bc705ae538eeb",
      "name": "bun-1.3.13",
      "pname": "bun",
      "rev": "a799d3e3886da994fa307f817a6bc705ae538eeb",
      "rev_count": 1011622,
      "rev_date": "2026-06-06T12:30:50Z",
      "scrape_date": "2026-06-08T03:14:18.802061Z",
      "stabilities": [
        "unstable"
      ],
      "unfree": false,
      "version": "1.3.13",
      "outputs_to_install": [
        "out"
      ],
      "outputs": {
        "out": "/nix/store/jgl1hjr0cf6s32jcnqmkp44av4flamap-bun-1.3.13"
      },
      "system": "aarch64-darwin",
      "group": "toplevel",
      "priority": 5
    },
    {
      "attr_path": "bun",
      "broken": false,
      "derivation": "/nix/store/05kg2c8div5xcsnkj8pa9ppaq1g1c3yb-bun-1.3.13.drv",
      "description": "Incredibly fast JavaScript runtime, bundler, transpiler and package manager – all in one",
      "install_id": "bun",
      "license": "[ MIT, LGPL-2.1-only ]",
      "locked_url": "https://github.com/flox/nixpkgs?rev=a799d3e3886da994fa307f817a6bc705ae538eeb",
      "name": "bun-1.3.13",
      "pname": "bun",
      "rev": "a799d3e3886da994fa307f817a6bc705ae538eeb",
      "rev_count": 1011622,
      "rev_date": "2026-06-06T12:30:50Z",
      "scrape_date": "2026-06-08T03:46:50.917046Z",
      "stabilities": [
        "unstable"
      ],
      "unfree": false,
      "version": "1.3.13",
      "outputs_to_install": [
        "out"
      ],
      "outputs": {
        "out": "/nix/store/ywc7zrq5vr32ashfgc7dp84a2f3rzic6-bun-1.3.13"
      },
      "system": "aarch64-linux",
      "group": "toplevel",
      "priority": 5
    },
    {
      "attr_path": "bun",
      "broken": false,
      "derivation": "/nix/store/8kk4s21lkgvl8l0ydjjx3d6ylwfd5f4b-bun-1.3.13.drv",
      "description": "Incredibly fast JavaScript runtime, bundler, transpiler and package manager – all in one",
      "install_id": "bun",
      "license": "[ MIT, LGPL-2.1-only ]",
      "locked_url": "https://github.com/flox/nixpkgs?rev=a799d3e3886da994fa307f817a6bc705ae538eeb",
      "name": "bun-1.3.13",
      "pname": "bun",
      "rev": "a799d3e3886da994fa307f817a6bc705ae538eeb",
      "rev_count": 1011622,
      "rev_date": "2026-06-06T12:30:50Z",
      "scrape_date": "2026-06-08T04:17:43.590607Z",
      "stabilities": [
        "unstable"
      ],
      "unfree": false,
      "version": "1.3.13",
      "outputs_to_install": [
        "out"
      ],
      "outputs": {
        "out": "/nix/store/1nphhxm1h3pya9j86kql2gpsvy6nizr4-bun-1.3.13"
      },
      "system": "x86_64-darwin",
      "group": "toplevel",
      "priority": 5
    },
    {
      "attr_path": "bun",
      "broken": false,
      "derivation": "/nix/store/pymjz37lyh092z3r60q6h826rxqljfzz-bun-1.3.13.drv",
      "description": "Incredibly fast JavaScript runtime, bundler, transpiler and package manager – all in one",
      "install_id": "bun",
      "license": "[ MIT, LGPL-2.1-only ]",
      "locked_url": "https://github.com/flox/nixpkgs?rev=a799d3e3886da994fa307f817a6bc705ae538eeb",
      "name": "bun-1.3.13",
      "pname": "bun",
      "rev": "a799d3e3886da994fa307f817a6bc705ae538eeb",
      "rev_count": 1011622,
      "rev_date": "2026-06-06T12:30:50Z",
      "scrape_date": "2026-06-08T04:53:14.523235Z",
      "stabilities": [
        "unstable"
      ],
      "unfree": false,
      "version": "1.3.13",
      "outputs_to_install": [
        "out"
      ],
      "outputs": {
        "out": "/nix/store/z1cxjx705fswwjjns0sw2ysbd5jqxfgm-bun-1.3.13"
      },
      "system": "x86_64-linux",
      "group": "toplevel",
      "priority": 5
    },
    {
      "attr_path": "fd",
      "broken": false,
      "derivation": "/nix/store/2672qv8pj7qkkki0zalswx2vnk9v49nb-fd-10.4.2.drv",
      "description": "Simple, fast and user-friendly alternative to find",
      "install_id": "fd",
      "license": "[ Apache-2.0, MIT ]",
      "locked_url": "https://github.com/flox/nixpkgs?rev=a799d3e3886da994fa307f817a6bc705ae538eeb",
      "name": "fd-10.4.2",
      "pname": "fd",
      "rev": "a799d3e3886da994fa307f817a6bc705ae538eeb",
      "rev_count": 1011622,
      "rev_date": "2026-06-06T12:30:50Z",
      "scrape_date": "2026-06-08T03:14:19.705699Z",
      "stabilities": [
        "unstable"
      ],
      "unfree": false,
      "version": "10.4.2",
      "outputs_to_install": [
        "out"
      ],
      "outputs": {
        "out": "/nix/store/h07wyxfpicdwj0j3xbg9841hd0grb9sy-fd-10.4.2"
      },
      "system": "aarch64-darwin",
      "group": "toplevel",
      "priority": 5
    },
    {
      "attr_path": "fd",
      "broken": false,
      "derivation": "/nix/store/i4p2n6igyhy0drj4ksxyhwvac4ncn96c-fd-10.4.2.drv",
      "description": "Simple, fast and user-friendly alternative to find",
      "install_id": "fd",
      "license": "[ Apache-2.0, MIT ]",
      "locked_url": "https://github.com/flox/nixpkgs?rev=a799d3e3886da994fa307f817a6bc705ae538eeb",
      "name": "fd-10.4.2",
      "pname": "fd",
      "rev": "a799d3e3886da994fa307f817a6bc705ae538eeb",
      "rev_count": 1011622,
      "rev_date": "2026-06-06T12:30:50Z",
      "scrape_date": "2026-06-08T03:46:52.073123Z",
      "stabilities": [
        "unstable"
      ],
      "unfree": false,
      "version": "10.4.2",
      "outputs_to_install": [
        "out"
      ],
      "outputs": {
        "out": "/nix/store/493wwp79iq7db1dy1gj3a9dpazh17v42-fd-10.4.2"
      },
      "system": "aarch64-linux",
      "group": "toplevel",
      "priority": 5
    },
    {
      "attr_path": "fd",
      "broken": false,
      "derivation": "/nix/store/w6kbsgc1ml6lhl5v2zx4f0ds5gpxkw3g-fd-10.4.2.drv",
      "description": "Simple, fast and user-friendly alternative to find",
      "install_id": "fd",
      "license": "[ Apache-2.0, MIT ]",
      "locked_url": "https://github.com/flox/nixpkgs?rev=a799d3e3886da994fa307f817a6bc705ae538eeb",
      "name": "fd-10.4.2",
      "pname": "fd",
      "rev": "a799d3e3886da994fa307f817a6bc705ae538eeb",
      "rev_count": 1011622,
      "rev_date": "2026-06-06T12:30:50Z",
      "scrape_date": "2026-06-08T04:17:44.425913Z",
      "stabilities": [
        "unstable"
      ],
      "unfree": false,
      "version": "10.4.2",
      "outputs_to_install": [
        "out"
      ],
      "outputs": {
        "out": "/nix/store/h350vnmjbhxgiqm4v7hihq43kk7ixswk-fd-10.4.2"
      },
      "system": "x86_64-darwin",
      "group": "toplevel",
      "priority": 5
    },
    {
      "attr_path": "fd",
      "broken": false,
      "derivation": "/nix/store/ac3jivgmd030p7bbscdcjcis0pb41qbp-fd-10.4.2.drv",
      "description": "Simple, fast and user-friendly alternative to find",
      "install_id": "fd",
      "license": "[ Apache-2.0, MIT ]",
      "locked_url": "https://github.com/flox/nixpkgs?rev=a799d3e3886da994fa307f817a6bc705ae538eeb",
      "name": "fd-10.4.2",
      "pname": "fd",
      "rev": "a799d3e3886da994fa307f817a6bc705ae538eeb",
      "rev_count": 1011622,
      "rev_date": "2026-06-06T12:30:50Z",
      "scrape_date": "2026-06-08T04:53:15.797539Z",
      "stabilities": [
        "unstable"
      ],
      "unfree": false,
      "version": "10.4.2",
      "outputs_to_install": [
        "out"
      ],
      "outputs": {
        "out": "/nix/store/wci2b3l9gs8nq3alx6czffsq55bg44cv-fd-10.4.2"
      },
      "system": "x86_64-linux",
      "group": "toplevel",
      "priority": 5
    },
    {
      "attr_path": "gh",
      "broken": false,
      "derivation": "/nix/store/shyqzsdzlaz0ay7wq22kmllqiiag5bk4-gh-2.93.0.drv",
      "description": "GitHub CLI tool",
      "install_id": "gh",
      "license": "MIT",
      "locked_url": "https://github.com/flox/nixpkgs?rev=a799d3e3886da994fa307f817a6bc705ae538eeb",
      "name": "gh-2.93.0",
      "pname": "gh",
      "rev": "a799d3e3886da994fa307f817a6bc705ae538eeb",
      "rev_count": 1011622,
      "rev_date": "2026-06-06T12:30:50Z",
      "scrape_date": "2026-06-08T03:14:19.986740Z",
      "stabilities": [
        "unstable"
      ],
      "unfree": false,
      "version": "2.93.0",
      "outputs_to_install": [
        "out"
      ],
      "outputs": {
        "out": "/nix/store/p7wwwbqc7s50l4z2jgk42hynw15cmwx6-gh-2.93.0"
      },
      "system": "aarch64-darwin",
      "group": "toplevel",
      "priority": 5
    },
    {
      "attr_path": "gh",
      "broken": false,
      "derivation": "/nix/store/0qz7p060qisqf97dghfi26h4ak4rkim1-gh-2.93.0.drv",
      "description": "GitHub CLI tool",
      "install_id": "gh",
      "license": "MIT",
      "locked_url": "https://github.com/flox/nixpkgs?rev=a799d3e3886da994fa307f817a6bc705ae538eeb",
      "name": "gh-2.93.0",
      "pname": "gh",
      "rev": "a799d3e3886da994fa307f817a6bc705ae538eeb",
      "rev_count": 1011622,
      "rev_date": "2026-06-06T12:30:50Z",
      "scrape_date": "2026-06-08T03:46:52.514771Z",
      "stabilities": [
        "unstable"
      ],
      "unfree": false,
      "version": "2.93.0",
      "outputs_to_install": [
        "out"
      ],
      "outputs": {
        "out": "/nix/store/1lc9qaiyrpyrk4l3r451msli62wa6im4-gh-2.93.0"
      },
      "system": "aarch64-linux",
      "group": "toplevel",
      "priority": 5
    },
    {
      "attr_path": "gh",
      "broken": false,
      "derivation": "/nix/store/afv09j314j5byl2z0x3brz8bhys8h3cf-gh-2.93.0.drv",
      "description": "GitHub CLI tool",
      "install_id": "gh",
      "license": "MIT",
      "locked_url": "https://github.com/flox/nixpkgs?rev=a799d3e3886da994fa307f817a6bc705ae538eeb",
      "name": "gh-2.93.0",
      "pname": "gh",
      "rev": "a799d3e3886da994fa307f817a6bc705ae538eeb",
      "rev_count": 1011622,
      "rev_date": "2026-06-06T12:30:50Z",
      "scrape_date": "2026-06-08T04:17:44.715224Z",
      "stabilities": [
        "unstable"
      ],
      "unfree": false,
      "version": "2.93.0",
      "outputs_to_install": [
        "out"
      ],
      "outputs": {
        "out": "/nix/store/giwixml54fx65khz0dkwk1k6pa2rvdb4-gh-2.93.0"
      },
      "system": "x86_64-darwin",
      "group": "toplevel",
      "priority": 5
    },
    {
      "attr_path": "gh",
      "broken": false,
      "derivation": "/nix/store/g2ny647j4ipcy7qfmdvizw36avkzrwbh-gh-2.93.0.drv",
      "description": "GitHub CLI tool",
      "install_id": "gh",
      "license": "MIT",
      "locked_url": "https://github.com/flox/nixpkgs?rev=a799d3e3886da994fa307f817a6bc705ae538eeb",
      "name": "gh-2.93.0",
      "pname": "gh",
      "rev": "a799d3e3886da994fa307f817a6bc705ae538eeb",
      "rev_count": 1011622,
      "rev_date": "2026-06-06T12:30:50Z",
      "scrape_date": "2026-06-08T04:53:16.277324Z",
      "stabilities": [
        "unstable"
      ],
      "unfree": false,
      "version": "2.93.0",
      "outputs_to_install": [
        "out"
      ],
      "outputs": {
        "out": "/nix/store/fxvyz1dx5wp87qgbd6dfkmqqb4fypm3b-gh-2.93.0"
      },
      "system": "x86_64-linux",
      "group": "toplevel",
      "priority": 5
    },
    {
      "attr_path": "imagemagick",
      "broken": false,
      "derivation": "/nix/store/88f8nx403rgljnmran8hkd8a86dbq8fa-imagemagick-7.1.2-23.drv",
      "description": "Software suite to create, edit, compose, or convert bitmap images",
      "install_id": "imagemagick",
      "license": "Apache-2.0",
      "locked_url": "https://github.com/flox/nixpkgs?rev=a799d3e3886da994fa307f817a6bc705ae538eeb",
      "name": "imagemagick-7.1.2-23",
      "pname": "imagemagick",
      "rev": "a799d3e3886da994fa307f817a6bc705ae538eeb",
      "rev_count": 1011622,
      "rev_date": "2026-06-06T12:30:50Z",
      "scrape_date": "2026-06-08T03:14:35.792915Z",
      "stabilities": [
        "unstable"
      ],
      "unfree": false,
      "version": "7.1.2-23",
      "outputs_to_install": [
        "out"
      ],
      "outputs": {
        "dev": "/nix/store/4as8dc7lb02lnnqdi7278705h7ayc4zg-imagemagick-7.1.2-23-dev",
        "doc": "/nix/store/kmzihbxg9n3j6l12fr1l4mz0lqmqrim9-imagemagick-7.1.2-23-doc",
        "out": "/nix/store/paxfk2s1gb9qylklxdlvicc5x0hf3fy7-imagemagick-7.1.2-23"
      },
      "system": "aarch64-darwin",
      "group": "toplevel",
      "priority": 5
    },
    {
      "attr_path": "imagemagick",
      "broken": false,
      "derivation": "/nix/store/d3v2rcbvb8hbx0khm5vy428awi1xlshi-imagemagick-7.1.2-23.drv",
      "description": "Software suite to create, edit, compose, or convert bitmap images",
      "install_id": "imagemagick",
      "license": "Apache-2.0",
      "locked_url": "https://github.com/flox/nixpkgs?rev=a799d3e3886da994fa307f817a6bc705ae538eeb",
      "name": "imagemagick-7.1.2-23",
      "pname": "imagemagick",
      "rev": "a799d3e3886da994fa307f817a6bc705ae538eeb",
      "rev_count": 1011622,
      "rev_date": "2026-06-06T12:30:50Z",
      "scrape_date": "2026-06-08T03:47:13.789886Z",
      "stabilities": [
        "unstable"
      ],
      "unfree": false,
      "version": "7.1.2-23",
      "outputs_to_install": [
        "out",
        "out"
      ],
      "outputs": {
        "dev": "/nix/store/z77shkv7hqjffi2zygbl9gxspswmrqvs-imagemagick-7.1.2-23-dev",
        "doc": "/nix/store/fk4qf1lj4yv486hk2v55p3yddxgskkl8-imagemagick-7.1.2-23-doc",
        "out": "/nix/store/nqqi92858bzd9sx119kcyrybbriaz4ab-imagemagick-7.1.2-23"
      },
      "system": "aarch64-linux",
      "group": "toplevel",
      "priority": 5
    },
    {
      "attr_path": "imagemagick",
      "broken": false,
      "derivation": "/nix/store/rf0hfv4yyh8nm6f5hv9gsinimidhkd2v-imagemagick-7.1.2-23.drv",
      "description": "Software suite to create, edit, compose, or convert bitmap images",
      "install_id": "imagemagick",
      "license": "Apache-2.0",
      "locked_url": "https://github.com/flox/nixpkgs?rev=a799d3e3886da994fa307f817a6bc705ae538eeb",
      "name": "imagemagick-7.1.2-23",
      "pname": "imagemagick",
      "rev": "a799d3e3886da994fa307f817a6bc705ae538eeb",
      "rev_count": 1011622,
      "rev_date": "2026-06-06T12:30:50Z",
      "scrape_date": "2026-06-08T04:18:00.878136Z",
      "stabilities": [
        "unstable"
      ],
      "unfree": false,
      "version": "7.1.2-23",
      "outputs_to_install": [
        "out"
      ],
      "outputs": {
        "dev": "/nix/store/yxdrxin5kv207nmhgg1sgf5va467b0z9-imagemagick-7.1.2-23-dev",
        "doc": "/nix/store/90naf9g7bjbhjj544wdql90dm7yad2bg-imagemagick-7.1.2-23-doc",
        "out": "/nix/store/52dp7qa7c566z1px4fq50in87jx6s3yb-imagemagick-7.1.2-23"
      },
      "system": "x86_64-darwin",
      "group": "toplevel",
      "priority": 5
    },
    {
      "attr_path": "imagemagick",
      "broken": false,
      "derivation": "/nix/store/cqq7r0qbpgh9j6y7z39bs7n6brn0xg3m-imagemagick-7.1.2-23.drv",
      "description": "Software suite to create, edit, compose, or convert bitmap images",
      "install_id": "imagemagick",
      "license": "Apache-2.0",
      "locked_url": "https://github.com/flox/nixpkgs?rev=a799d3e3886da994fa307f817a6bc705ae538eeb",
      "name": "imagemagick-7.1.2-23",
      "pname": "imagemagick",
      "rev": "a799d3e3886da994fa307f817a6bc705ae538eeb",
      "rev_count": 1011622,
      "rev_date": "2026-06-06T12:30:50Z",
      "scrape_date": "2026-06-08T04:53:38.227466Z",
      "stabilities": [
        "unstable"
      ],
      "unfree": false,
      "version": "7.1.2-23",
      "outputs_to_install": [
        "out",
        "out"
      ],
      "outputs": {
        "dev": "/nix/store/mqn50k3viz5wb0gwbdfwb23v7l32kfxf-imagemagick-7.1.2-23-dev",
        "doc": "/nix/store/fqly9ymadz5cj8kq18wv2flq45m00rs1-imagemagick-7.1.2-23-doc",
        "out": "/nix/store/vwalk1kcnb5mr5c5c8100a96r9kgq4g2-imagemagick-7.1.2-23"
      },
      "system": "x86_64-linux",
      "group": "toplevel",
      "priority": 5
    },
    {
      "attr_path": "just",
      "broken": false,
      "derivation": "/nix/store/qayl4w7mfizkldr60008cphxz28f7yjm-just-1.51.0.drv",
      "description": "Handy way to save and run project-specific commands",
      "install_id": "just",
      "license": "CC0-1.0",
      "locked_url": "https://github.com/flox/nixpkgs?rev=a799d3e3886da994fa307f817a6bc705ae538eeb",
      "name": "just-1.51.0",
      "pname": "just",
      "rev": "a799d3e3886da994fa307f817a6bc705ae538eeb",
      "rev_count": 1011622,
      "rev_date": "2026-06-06T12:30:50Z",
      "scrape_date": "2026-06-08T03:14:36.529803Z",
      "stabilities": [
        "unstable"
      ],
      "unfree": false,
      "version": "1.51.0",
      "outputs_to_install": [
        "man",
        "out"
      ],
      "outputs": {
        "doc": "/nix/store/d0n7b7xd2miyja6m2nlzc2szj0gqzgxb-just-1.51.0-doc",
        "man": "/nix/store/48iac05gjz4kjpx605hcgn95an8ary9q-just-1.51.0-man",
        "out": "/nix/store/18ml04rix1526kmcv5fcir6n7cb8lxyf-just-1.51.0"
      },
      "system": "aarch64-darwin",
      "group": "toplevel",
      "priority": 5
    },
    {
      "attr_path": "just",
      "broken": false,
      "derivation": "/nix/store/21sazfphih8v3qrf16swhbp2hi4bvjha-just-1.51.0.drv",
      "description": "Handy way to save and run project-specific commands",
      "install_id": "just",
      "license": "CC0-1.0",
      "locked_url": "https://github.com/flox/nixpkgs?rev=a799d3e3886da994fa307f817a6bc705ae538eeb",
      "name": "just-1.51.0",
      "pname": "just",
      "rev": "a799d3e3886da994fa307f817a6bc705ae538eeb",
      "rev_count": 1011622,
      "rev_date": "2026-06-06T12:30:50Z",
      "scrape_date": "2026-06-08T03:47:15.037294Z",
      "stabilities": [
        "unstable"
      ],
      "unfree": false,
      "version": "1.51.0",
      "outputs_to_install": [
        "man",
        "out"
      ],
      "outputs": {
        "doc": "/nix/store/ppj3c78k6x3bql77f3mgrjjrxb2jjc0q-just-1.51.0-doc",
        "man": "/nix/store/8ygmlmpxmggc2wqbkz1yhf7fz5nwg084-just-1.51.0-man",
        "out": "/nix/store/6q8i59br2gzxnqax4dz3g1fmkwp2mfs2-just-1.51.0"
      },
      "system": "aarch64-linux",
      "group": "toplevel",
      "priority": 5
    },
    {
      "attr_path": "just",
      "broken": false,
      "derivation": "/nix/store/y4m13kj7shshrl3kai9j827k7g1rcyjc-just-1.51.0.drv",
      "description": "Handy way to save and run project-specific commands",
      "install_id": "just",
      "license": "CC0-1.0",
      "locked_url": "https://github.com/flox/nixpkgs?rev=a799d3e3886da994fa307f817a6bc705ae538eeb",
      "name": "just-1.51.0",
      "pname": "just",
      "rev": "a799d3e3886da994fa307f817a6bc705ae538eeb",
      "rev_count": 1011622,
      "rev_date": "2026-06-06T12:30:50Z",
      "scrape_date": "2026-06-08T04:18:01.640953Z",
      "stabilities": [
        "unstable"
      ],
      "unfree": false,
      "version": "1.51.0",
      "outputs_to_install": [
        "man",
        "out"
      ],
      "outputs": {
        "doc": "/nix/store/x5g644hwbjdlij9w37gwgg1z1h4b6qqk-just-1.51.0-doc",
        "man": "/nix/store/144wqvh3s441y05xvzn8m16rhcqbki7d-just-1.51.0-man",
        "out": "/nix/store/7ppiil9ycr565vqgbc18x4rpgbfgcnzy-just-1.51.0"
      },
      "system": "x86_64-darwin",
      "group": "toplevel",
      "priority": 5
    },
    {
      "attr_path": "just",
      "broken": false,
      "derivation": "/nix/store/giqf7rkyq3fbfg6glrlk19gxi5gk6svf-just-1.51.0.drv",
      "description": "Handy way to save and run project-specific commands",
      "install_id": "just",
      "license": "CC0-1.0",
      "locked_url": "https://github.com/flox/nixpkgs?rev=a799d3e3886da994fa307f817a6bc705ae538eeb",
      "name": "just-1.51.0",
      "pname": "just",
      "rev": "a799d3e3886da994fa307f817a6bc705ae538eeb",
      "rev_count": 1011622,
      "rev_date": "2026-06-06T12:30:50Z",
      "scrape_date": "2026-06-08T04:53:39.697715Z",
      "stabilities": [
        "unstable"
      ],
      "unfree": false,
      "version": "1.51.0",
      "outputs_to_install": [
        "man",
        "out"
      ],
      "outputs": {
        "doc": "/nix/store/r800x8xppg70s00hw3h6x9cxpd6nh06y-just-1.51.0-doc",
        "man": "/nix/store/p04vig0h2hj7hg5vgd74n5nphlcy23l8-just-1.51.0-man",
        "out": "/nix/store/3j32zmchv9wd60qng1mm04yj07wf04i8-just-1.51.0"
      },
      "system": "x86_64-linux",
      "group": "toplevel",
      "priority": 5
    },
    {
      "attr_path": "nodejs_22",
      "broken": false,
      "derivation": "/nix/store/mmjs3qrg9kpnfdqgmy25fy8fz913y7yh-nodejs-22.22.3.drv",
      "description": "Event-driven I/O framework for the V8 JavaScript engine",
      "install_id": "nodejs_22",
      "license": "MIT",
      "locked_url": "https://github.com/flox/nixpkgs?rev=a799d3e3886da994fa307f817a6bc705ae538eeb",
      "name": "nodejs-22.22.3",
      "pname": "nodejs_22",
      "rev": "a799d3e3886da994fa307f817a6bc705ae538eeb",
      "rev_count": 1011622,
      "rev_date": "2026-06-06T12:30:50Z",
      "scrape_date": "2026-06-08T03:14:44.733197Z",
      "stabilities": [
        "unstable"
      ],
      "unfree": false,
      "version": "22.22.3",
      "outputs_to_install": [
        "out"
      ],
      "outputs": {
        "out": "/nix/store/k1yy2d1h7pvpac7m14vmaw23j529fpza-nodejs-22.22.3"
      },
      "system": "aarch64-darwin",
      "group": "toplevel",
      "priority": 5
    },
    {
      "attr_path": "nodejs_22",
      "broken": false,
      "derivation": "/nix/store/aqk3840k5ywzp52xb11yky8pbqha3grj-nodejs-22.22.3.drv",
      "description": "Event-driven I/O framework for the V8 JavaScript engine",
      "install_id": "nodejs_22",
      "license": "MIT",
      "locked_url": "https://github.com/flox/nixpkgs?rev=a799d3e3886da994fa307f817a6bc705ae538eeb",
      "name": "nodejs-22.22.3",
      "pname": "nodejs_22",
      "rev": "a799d3e3886da994fa307f817a6bc705ae538eeb",
      "rev_count": 1011622,
      "rev_date": "2026-06-06T12:30:50Z",
      "scrape_date": "2026-06-08T03:47:31.481135Z",
      "stabilities": [
        "unstable"
      ],
      "unfree": false,
      "version": "22.22.3",
      "outputs_to_install": [
        "out"
      ],
      "outputs": {
        "out": "/nix/store/d8zana2n6i904c088i533ivg1j817x8v-nodejs-22.22.3"
      },
      "system": "aarch64-linux",
      "group": "toplevel",
      "priority": 5
    },
    {
      "attr_path": "nodejs_22",
      "broken": false,
      "derivation": "/nix/store/swx0aijnc54mq15z3s323alzv6j510wx-nodejs-22.22.3.drv",
      "description": "Event-driven I/O framework for the V8 JavaScript engine",
      "install_id": "nodejs_22",
      "license": "MIT",
      "locked_url": "https://github.com/flox/nixpkgs?rev=a799d3e3886da994fa307f817a6bc705ae538eeb",
      "name": "nodejs-22.22.3",
      "pname": "nodejs_22",
      "rev": "a799d3e3886da994fa307f817a6bc705ae538eeb",
      "rev_count": 1011622,
      "rev_date": "2026-06-06T12:30:50Z",
      "scrape_date": "2026-06-08T04:18:09.753713Z",
      "stabilities": [
        "unstable"
      ],
      "unfree": false,
      "version": "22.22.3",
      "outputs_to_install": [
        "out"
      ],
      "outputs": {
        "out": "/nix/store/9yvmgryhhwnswgaji30cpw4m9swhv1ia-nodejs-22.22.3"
      },
      "system": "x86_64-darwin",
      "group": "toplevel",
      "priority": 5
    },
    {
      "attr_path": "nodejs_22",
      "broken": false,
      "derivation": "/nix/store/x0vx03v1gd5bzlqias0gixnf8m5y31xp-nodejs-22.22.3.drv",
      "description": "Event-driven I/O framework for the V8 JavaScript engine",
      "install_id": "nodejs_22",
      "license": "MIT",
      "locked_url": "https://github.com/flox/nixpkgs?rev=a799d3e3886da994fa307f817a6bc705ae538eeb",
      "name": "nodejs-22.22.3",
      "pname": "nodejs_22",
      "rev": "a799d3e3886da994fa307f817a6bc705ae538eeb",
      "rev_count": 1011622,
      "rev_date": "2026-06-06T12:30:50Z",
      "scrape_date": "2026-06-08T04:53:58.684921Z",
      "stabilities": [
        "unstable"
      ],
      "unfree": false,
      "version": "22.22.3",
      "outputs_to_install": [
        "out",
        "out",
        "out"
      ],
      "outputs": {
        "out": "/nix/store/ac9bklddx1klg92hj7r08xmpky1nwag2-nodejs-22.22.3"
      },
      "system": "x86_64-linux",
      "group": "toplevel",
      "priority": 5
    },
    {
      "attr_path": "oxdraw",
      "broken": false,
      "derivation": "/nix/store/gfaai25dj1mn18dln2bi6c4fkwkfrp40-oxdraw-0.2.0.drv",
      "description": "Diagram as Code Tool Written in Rust with Draggable Editing",
      "install_id": "oxdraw",
      "license": "MIT",
      "locked_url": "https://github.com/flox/nixpkgs?rev=a799d3e3886da994fa307f817a6bc705ae538eeb",
      "name": "oxdraw-0.2.0",
      "pname": "oxdraw",
      "rev": "a799d3e3886da994fa307f817a6bc705ae538eeb",
      "rev_count": 1011622,
      "rev_date": "2026-06-06T12:30:50Z",
      "scrape_date": "2026-06-08T03:47:39.436832Z",
      "stabilities": [
        "unstable"
      ],
      "unfree": false,
      "version": "0.2.0",
      "outputs_to_install": [
        "out"
      ],
      "outputs": {
        "out": "/nix/store/gd8rriswd84yy699pzrdj7p07xzxj654-oxdraw-0.2.0"
      },
      "system": "aarch64-linux",
      "group": "toplevel",
      "priority": 5
    },
    {
      "attr_path": "oxdraw",
      "broken": false,
      "derivation": "/nix/store/6h8spiac7p4am8hlp0qw2iwkvc2agrgj-oxdraw-0.2.0.drv",
      "description": "Diagram as Code Tool Written in Rust with Draggable Editing",
      "install_id": "oxdraw",
      "license": "MIT",
      "locked_url": "https://github.com/flox/nixpkgs?rev=a799d3e3886da994fa307f817a6bc705ae538eeb",
      "name": "oxdraw-0.2.0",
      "pname": "oxdraw",
      "rev": "a799d3e3886da994fa307f817a6bc705ae538eeb",
      "rev_count": 1011622,
      "rev_date": "2026-06-06T12:30:50Z",
      "scrape_date": "2026-06-08T04:54:07.319027Z",
      "stabilities": [
        "unstable"
      ],
      "unfree": false,
      "version": "0.2.0",
      "outputs_to_install": [
        "out"
      ],
      "outputs": {
        "out": "/nix/store/4vzvk8hgy2pjii4sbk1p7ymh1lsfsj6v-oxdraw-0.2.0"
      },
      "system": "x86_64-linux",
      "group": "toplevel",
      "priority": 5
    },
    {
      "attr_path": "ripgrep",
      "broken": false,
      "derivation": "/nix/store/6g9dmzcg20l8n6mi9237msypxl2qw9ag-ripgrep-15.1.0.drv",
      "description": "Utility that combines the usability of The Silver Searcher with the raw speed of grep",
      "install_id": "ripgrep",
      "license": "[ Unlicense, MIT ]",
      "locked_url": "https://github.com/flox/nixpkgs?rev=a799d3e3886da994fa307f817a6bc705ae538eeb",
      "name": "ripgrep-15.1.0",
      "pname": "ripgrep",
      "rev": "a799d3e3886da994fa307f817a6bc705ae538eeb",
      "rev_count": 1011622,
      "rev_date": "2026-06-06T12:30:50Z",
      "scrape_date": "2026-06-08T03:15:57.297840Z",
      "stabilities": [
        "unstable"
      ],
      "unfree": false,
      "version": "15.1.0",
      "outputs_to_install": [
        "out"
      ],
      "outputs": {
        "out": "/nix/store/8k3a39k5wxvch0ir2lb1pskvwing02lq-ripgrep-15.1.0"
      },
      "system": "aarch64-darwin",
      "group": "toplevel",
      "priority": 5
    },
    {
      "attr_path": "ripgrep",
      "broken": false,
      "derivation": "/nix/store/nr9r2hqv6y0xxmc64bw6pqr1f8b30ff2-ripgrep-15.1.0.drv",
      "description": "Utility that combines the usability of The Silver Searcher with the raw speed of grep",
      "install_id": "ripgrep",
      "license": "[ Unlicense, MIT ]",
      "locked_url": "https://github.com/flox/nixpkgs?rev=a799d3e3886da994fa307f817a6bc705ae538eeb",
      "name": "ripgrep-15.1.0",
      "pname": "ripgrep",
      "rev": "a799d3e3886da994fa307f817a6bc705ae538eeb",
      "rev_count": 1011622,
      "rev_date": "2026-06-06T12:30:50Z",
      "scrape_date": "2026-06-08T03:48:56.504481Z",
      "stabilities": [
        "unstable"
      ],
      "unfree": false,
      "version": "15.1.0",
      "outputs_to_install": [
        "out"
      ],
      "outputs": {
        "out": "/nix/store/ayxgmx0yf8mjfym3jprkkrjql1hyh8wy-ripgrep-15.1.0"
      },
      "system": "aarch64-linux",
      "group": "toplevel",
      "priority": 5
    },
    {
      "attr_path": "ripgrep",
      "broken": false,
      "derivation": "/nix/store/pz23rqkgh8w3h9c1p1ccfja7hi257d73-ripgrep-15.1.0.drv",
      "description": "Utility that combines the usability of The Silver Searcher with the raw speed of grep",
      "install_id": "ripgrep",
      "license": "[ Unlicense, MIT ]",
      "locked_url": "https://github.com/flox/nixpkgs?rev=a799d3e3886da994fa307f817a6bc705ae538eeb",
      "name": "ripgrep-15.1.0",
      "pname": "ripgrep",
      "rev": "a799d3e3886da994fa307f817a6bc705ae538eeb",
      "rev_count": 1011622,
      "rev_date": "2026-06-06T12:30:50Z",
      "scrape_date": "2026-06-08T04:19:14.733359Z",
      "stabilities": [
        "unstable"
      ],
      "unfree": false,
      "version": "15.1.0",
      "outputs_to_install": [
        "out"
      ],
      "outputs": {
        "out": "/nix/store/ra0dsj16fbhgkymvpa84wvhbqdvw7lq7-ripgrep-15.1.0"
      },
      "system": "x86_64-darwin",
      "group": "toplevel",
      "priority": 5
    },
    {
      "attr_path": "ripgrep",
      "broken": false,
      "derivation": "/nix/store/iqqcq02llqxrgbid7g8q56vqkdvs20ww-ripgrep-15.1.0.drv",
      "description": "Utility that combines the usability of The Silver Searcher with the raw speed of grep",
      "install_id": "ripgrep",
      "license": "[ Unlicense, MIT ]",
      "locked_url": "https://github.com/flox/nixpkgs?rev=a799d3e3886da994fa307f817a6bc705ae538eeb",
      "name": "ripgrep-15.1.0",
      "pname": "ripgrep",
      "rev": "a799d3e3886da994fa307f817a6bc705ae538eeb",
      "rev_count": 1011622,
      "rev_date": "2026-06-06T12:30:50Z",
      "scrape_date": "2026-06-08T04:55:31.640823Z",
      "stabilities": [
        "unstable"
      ],
      "unfree": false,
      "version": "15.1.0",
      "outputs_to_install": [
        "out"
      ],
      "outputs": {
        "out": "/nix/store/ixsp81bia5w1fqd2d59vwbcfqk3n5231-ripgrep-15.1.0"
      },
      "system": "x86_64-linux",
      "group": "toplevel",
      "priority": 5
    },
    {
      "attr_path": "similarity",
      "broken": false,
      "derivation": "/nix/store/31ayljpdgwh3ygwghxb95g4bpwy69dkj-similarity-0.5.0.drv",
      "description": "Code similarity detection tool",
      "install_id": "similarity",
      "license": "MIT",
      "locked_url": "https://github.com/flox/nixpkgs?rev=a799d3e3886da994fa307f817a6bc705ae538eeb",
      "name": "similarity-0.5.0",
      "pname": "similarity",
      "rev": "a799d3e3886da994fa307f817a6bc705ae538eeb",
      "rev_count": 1011622,
      "rev_date": "2026-06-06T12:30:50Z",
      "scrape_date": "2026-06-08T03:16:20.293451Z",
      "stabilities": [
        "unstable"
      ],
      "unfree": false,
      "version": "0.5.0",
      "outputs_to_install": [
        "out"
      ],
      "outputs": {
        "out": "/nix/store/k2v1ihxy2k5cd2ljc246bw4k4pb2vk4f-similarity-0.5.0"
      },
      "system": "aarch64-darwin",
      "group": "toplevel",
      "priority": 5
    },
    {
      "attr_path": "similarity",
      "broken": false,
      "derivation": "/nix/store/clhqfhrly9z2m671q7ldkc0wi6nm36fh-similarity-0.5.0.drv",
      "description": "Code similarity detection tool",
      "install_id": "similarity",
      "license": "MIT",
      "locked_url": "https://github.com/flox/nixpkgs?rev=a799d3e3886da994fa307f817a6bc705ae538eeb",
      "name": "similarity-0.5.0",
      "pname": "similarity",
      "rev": "a799d3e3886da994fa307f817a6bc705ae538eeb",
      "rev_count": 1011622,
      "rev_date": "2026-06-06T12:30:50Z",
      "scrape_date": "2026-06-08T03:49:22.681900Z",
      "stabilities": [
        "unstable"
      ],
      "unfree": false,
      "version": "0.5.0",
      "outputs_to_install": [
        "out"
      ],
      "outputs": {
        "out": "/nix/store/yjhsnjxi53pl9lywyvd3aprn0xp4xv9r-similarity-0.5.0"
      },
      "system": "aarch64-linux",
      "group": "toplevel",
      "priority": 5
    },
    {
      "attr_path": "similarity",
      "broken": false,
      "derivation": "/nix/store/a2f08764jpw2i0yhyd11hiziw5arbiz9-similarity-0.5.0.drv",
      "description": "Code similarity detection tool",
      "install_id": "similarity",
      "license": "MIT",
      "locked_url": "https://github.com/flox/nixpkgs?rev=a799d3e3886da994fa307f817a6bc705ae538eeb",
      "name": "similarity-0.5.0",
      "pname": "similarity",
      "rev": "a799d3e3886da994fa307f817a6bc705ae538eeb",
      "rev_count": 1011622,
      "rev_date": "2026-06-06T12:30:50Z",
      "scrape_date": "2026-06-08T04:19:35.698343Z",
      "stabilities": [
        "unstable"
      ],
      "unfree": false,
      "version": "0.5.0",
      "outputs_to_install": [
        "out"
      ],
      "outputs": {
        "out": "/nix/store/20gv0c7w0lvf035v0c99bipjvwzyc4sx-similarity-0.5.0"
      },
      "system": "x86_64-darwin",
      "group": "toplevel",
      "priority": 5
    },
    {
      "attr_path": "similarity",
      "broken": false,
      "derivation": "/nix/store/sp61dkrli6vf3bkdka4l68kdi98aal5y-similarity-0.5.0.drv",
      "description": "Code similarity detection tool",
      "install_id": "similarity",
      "license": "MIT",
      "locked_url": "https://github.com/flox/nixpkgs?rev=a799d3e3886da994fa307f817a6bc705ae538eeb",
      "name": "similarity-0.5.0",
      "pname": "similarity",
      "rev": "a799d3e3886da994fa307f817a6bc705ae538eeb",
      "rev_count": 1011622,
      "rev_date": "2026-06-06T12:30:50Z",
      "scrape_date": "2026-06-08T04:56:01.474984Z",
      "stabilities": [
        "unstable"
      ],
      "unfree": false,
      "version": "0.5.0",
      "outputs_to_install": [
        "out"
      ],
      "outputs": {
        "out": "/nix/store/bvccj5632d3fjllysizl4vy5jcjqbr62-similarity-0.5.0"
      },
      "system": "x86_64-linux",
      "group": "toplevel",
      "priority": 5
    },
    {
      "attr_path": "typst",
      "broken": false,
      "derivation": "/nix/store/0d9y4252g1lqvb17v88riffy1fjlvxlf-typst-0.14.2.drv",
      "description": "New markup-based typesetting system that is powerful and easy to learn",
      "install_id": "typst",
      "license": "Apache-2.0",
      "locked_url": "https://github.com/flox/nixpkgs?rev=a799d3e3886da994fa307f817a6bc705ae538eeb",
      "name": "typst-0.14.2",
      "pname": "typst",
      "rev": "a799d3e3886da994fa307f817a6bc705ae538eeb",
      "rev_count": 1011622,
      "rev_date": "2026-06-06T12:30:50Z",
      "scrape_date": "2026-06-08T03:16:48.849909Z",
      "stabilities": [
        "unstable"
      ],
      "unfree": false,
      "version": "0.14.2",
      "outputs_to_install": [
        "out"
      ],
      "outputs": {
        "out": "/nix/store/k9mjg0khw2xii5ssjc5x4nmblwkr82g8-typst-0.14.2"
      },
      "system": "aarch64-darwin",
      "group": "toplevel",
      "priority": 5
    },
    {
      "attr_path": "typst",
      "broken": false,
      "derivation": "/nix/store/2vjxh4jrc0dpzxd456708zhxbr5giaka-typst-0.14.2.drv",
      "description": "New markup-based typesetting system that is powerful and easy to learn",
      "install_id": "typst",
      "license": "Apache-2.0",
      "locked_url": "https://github.com/flox/nixpkgs?rev=a799d3e3886da994fa307f817a6bc705ae538eeb",
      "name": "typst-0.14.2",
      "pname": "typst",
      "rev": "a799d3e3886da994fa307f817a6bc705ae538eeb",
      "rev_count": 1011622,
      "rev_date": "2026-06-06T12:30:50Z",
      "scrape_date": "2026-06-08T03:50:01.656904Z",
      "stabilities": [
        "unstable"
      ],
      "unfree": false,
      "version": "0.14.2",
      "outputs_to_install": [
        "out"
      ],
      "outputs": {
        "out": "/nix/store/61kvn3z01nljx5k18s4832lqmv1zyfn4-typst-0.14.2"
      },
      "system": "aarch64-linux",
      "group": "toplevel",
      "priority": 5
    },
    {
      "attr_path": "typst",
      "broken": false,
      "derivation": "/nix/store/d1brznb5fgnn59ni67rciqgwz967y6h0-typst-0.14.2.drv",
      "description": "New markup-based typesetting system that is powerful and easy to learn",
      "install_id": "typst",
      "license": "Apache-2.0",
      "locked_url": "https://github.com/flox/nixpkgs?rev=a799d3e3886da994fa307f817a6bc705ae538eeb",
      "name": "typst-0.14.2",
      "pname": "typst",
      "rev": "a799d3e3886da994fa307f817a6bc705ae538eeb",
      "rev_count": 1011622,
      "rev_date": "2026-06-06T12:30:50Z",
      "scrape_date": "2026-06-08T04:20:02.840071Z",
      "stabilities": [
        "unstable"
      ],
      "unfree": false,
      "version": "0.14.2",
      "outputs_to_install": [
        "out"
      ],
      "outputs": {
        "out": "/nix/store/r1sqwsdbwz9sr9y9070a2s47y2q0visg-typst-0.14.2"
      },
      "system": "x86_64-darwin",
      "group": "toplevel",
      "priority": 5
    },
    {
      "attr_path": "typst",
      "broken": false,
      "derivation": "/nix/store/z9ad4w9i6ansarqn8xkvxgkw301dfkll-typst-0.14.2.drv",
      "description": "New markup-based typesetting system that is powerful and easy to learn",
      "install_id": "typst",
      "license": "Apache-2.0",
      "locked_url": "https://github.com/flox/nixpkgs?rev=a799d3e3886da994fa307f817a6bc705ae538eeb",
      "name": "typst-0.14.2",
      "pname": "typst",
      "rev": "a799d3e3886da994fa307f817a6bc705ae538eeb",
      "rev_count": 1011622,
      "rev_date": "2026-06-06T12:30:50Z",
      "scrape_date": "2026-06-08T04:56:43.691755Z",
      "stabilities": [
        "unstable"
      ],
      "unfree": false,
      "version": "0.14.2",
      "outputs_to_install": [
        "out"
      ],
      "outputs": {
        "out": "/nix/store/ry8j6r24psimnq3bfb6ls3kns6gf19xd-typst-0.14.2"
      },
      "system": "x86_64-linux",
      "group": "toplevel",
      "priority": 5
    }
  ]
}
